{
  "name": "ddd",
  "version": "1.0.0",
  "lockfileVersion": 2,
  "requires": true,
  "packages": {
    "": {
      "name": "ddd",
      "version": "1.0.0",
      "license": "MIT",
      "dependencies": {
        "@be-true/server": "^0.2.1"
      }
    },
    "node_modules/@be-true/config": {
      "version": "0.2.0",
      "resolved": "https://registry.npmjs.org/@be-true/config/-/config-0.2.0.tgz",
      "integrity": "sha512-3Fy3mf1XhaZg78vmRXoTKj0vdeUkIE0Tr60e64Xy3zhwBgUBKWwdZ9JD0DZJC7/6lrc1f0WEZsjdeGv7t1oFhQ=="
    },
    "node_modules/@be-true/server": {
      "version": "0.2.1",
      "resolved": "https://registry.npmjs.org/@be-true/server/-/server-0.2.1.tgz",
      "integrity": "sha512-DOoOGIvI2JbGXEW9oHhyEjKcTsmIVMiO4s3vmEPHzaW9d7KLQmAGZcRYwbdb/HVfU8Hk74d7oMjNbx5PAT9JXA==",
      "dependencies": {
        "@be-true/config": "^0.2.0",
        "@be-true/utils": "^0.2.0"
      }
    },
    "node_modules/@be-true/utils": {
      "version": "0.2.0",
      "resolved": "https://registry.npmjs.org/@be-true/utils/-/utils-0.2.0.tgz",
      "integrity": "sha512-YozzoUofnuEyoi+HTUeYoMtHEZ++7faKVzv0VfkCbjpU0FDPJUJ0xn6++VJOUpk9N9ZCttGhKSWNvuD4peA+gA=="
    }
  },
  "dependencies": {
    "@be-true/config": {
      "version": "0.2.0",
      "resolved": "https://registry.npmjs.org/@be-true/config/-/config-0.2.0.tgz",
      "integrity": "sha512-3Fy3mf1XhaZg78vmRXoTKj0vdeUkIE0Tr60e64Xy3zhwBgUBKWwdZ9JD0DZJC7/6lrc1f0WEZsjdeGv7t1oFhQ=="
    },
    "@be-true/server": {
      "version": "0.2.1",
      "resolved": "https://registry.npmjs.org/@be-true/server/-/server-0.2.1.tgz",
      "integrity": "sha512-DOoOGIvI2JbGXEW9oHhyEjKcTsmIVMiO4s3vmEPHzaW9d7KLQmAGZcRYwbdb/HVfU8Hk74d7oMjNbx5PAT9JXA==",
      "requires": {
        "@be-true/config": "^0.2.0",
        "@be-true/utils": "^0.2.0"
      }
    },
    "@be-true/utils": {
      "version": "0.2.0",
      "resolved": "https://registry.npmjs.org/@be-true/utils/-/utils-0.2.0.tgz",
      "integrity": "sha512-YozzoUofnuEyoi+HTUeYoMtHEZ++7faKVzv0VfkCbjpU0FDPJUJ0xn6++VJOUpk9N9ZCttGhKSWNvuD4peA+gA=="
    }
  }
}
